
Microsoft Visual Studio Solution File, Format Version 12.00
Project("{2150E333-8FDC-42A3-9474-1A3956D46DE8}") = "src", "src", "{AD0F5E28-8524-44D8-96CD-A4E6AB2D7B14}"
EndProject
Project("{FAE04EC0-301F-11D3-BF4B-00C04F79EFBC}") = "SharedKernel", "src\SharedKernel\SharedKernel.csproj", "{E1FCDA1A-42BF-4A38-958E-D967A2741FD9}"
EndProject
Project("{FAE04EC0-301F-11D3-BF4B-00C04F79EFBC}") = "BuildingBlocks", "src\BuildingBlocks\BuildingBlocks.csproj", "{FCBBE4B8-13CF-459F-BC81-4F7E500E5D74}"
EndProject
Project("{FAE04EC0-301F-11D3-BF4B-00C04F79EFBC}") = "WebApi", "src\WebApi\WebApi.csproj", "{CA27E36D-69A7-43B0-9D99-AE870539A320}"
EndProject
Project("{2150E333-8FDC-42A3-9474-1A3956D46DE8}") = "Solution Items", "Solution Items", "{24CDC0DA-2023-48ED-90B0-A856F059ED62}"
	ProjectSection(SolutionItems) = preProject
		compose.yaml = compose.yaml
	EndProjectSection
EndProject
Project("{2150E333-8FDC-42A3-9474-1A3956D46DE8}") = "ContentEntries", "ContentEntries", "{9F76F0F2-B535-4495-AE12-1F36C2F3DC42}"
EndProject
Project("{FAE04EC0-301F-11D3-BF4B-00C04F79EFBC}") = "ContentEntries.Core", "src\ContentEntries\ContentEntries.Core\ContentEntries.Core.csproj", "{F914A6DE-8222-4C69-9F42-057DE02BCE65}"
EndProject
Project("{FAE04EC0-301F-11D3-BF4B-00C04F79EFBC}") = "ContentEntries.Application", "src\ContentEntries\ContentEntries.Application\ContentEntries.Application.csproj", "{54E65550-6E26-412A-B42A-C1C3B584479F}"
EndProject
Project("{FAE04EC0-301F-11D3-BF4B-00C04F79EFBC}") = "ContentEntries.Infrastructure", "src\ContentEntries\ ContentEntries.Infrastructure\ContentEntries.Infrastructure.csproj", "{AF732B7A-9CBF-47F8-841D-0CF7FC2D51F5}"
EndProject
Project("{2150E333-8FDC-42A3-9474-1A3956D46DE8}") = "ContentTypes", "ContentTypes", "{0AB97158-EA61-42AD-B80E-9F96F74DB117}"
EndProject
Project("{FAE04EC0-301F-11D3-BF4B-00C04F79EFBC}") = "ContentTypes.Core", "src\ContentTypes\ContentTypes.Core\ContentTypes.Core.csproj", "{FB28469F-0C34-44E5-9259-B826D85926D1}"
EndProject
Project("{FAE04EC0-301F-11D3-BF4B-00C04F79EFBC}") = "ContentTypes.Infrastructure", "src\ContentTypes\ContentTypes.Infrastructure\ContentTypes.Infrastructure.csproj", "{DE504C5C-76C7-4530-AF35-1406C898F866}"
EndProject
Project("{FAE04EC0-301F-11D3-BF4B-00C04F79EFBC}") = "ContentTypes.Application", "src\ContentTypes\ContentTypes.Application\ContentTypes.Application.csproj", "{5DD70341-55F9-4578-8CBA-8BAC3A812AD3}"
EndProject
Project("{FAE04EC0-301F-11D3-BF4B-00C04F79EFBC}") = "Contracts", "src\Contracts\Contracts.csproj", "{035C6EB3-C7CE-460D-93D8-3D11D5331F2C}"
EndProject
Project("{FAE04EC0-301F-11D3-BF4B-00C04F79EFBC}") = "ContentEntries.Application.Abstractions", "src\ContentEntries\ContentEntries.Application.Abstractions\ContentEntries.Application.Abstractions.csproj", "{7A663ED1-D605-4276-94A4-03AD00E5DA2A}"
EndProject
Global
	GlobalSection(SolutionConfigurationPlatforms) = preSolution
		Debug|Any CPU = Debug|Any CPU
		Release|Any CPU = Release|Any CPU
	EndGlobalSection
	GlobalSection(NestedProjects) = preSolution
		{CA27E36D-69A7-43B0-9D99-AE870539A320} = {AD0F5E28-8524-44D8-96CD-A4E6AB2D7B14}
		{FCBBE4B8-13CF-459F-BC81-4F7E500E5D74} = {AD0F5E28-8524-44D8-96CD-A4E6AB2D7B14}
		{E1FCDA1A-42BF-4A38-958E-D967A2741FD9} = {AD0F5E28-8524-44D8-96CD-A4E6AB2D7B14}
		{9F76F0F2-B535-4495-AE12-1F36C2F3DC42} = {AD0F5E28-8524-44D8-96CD-A4E6AB2D7B14}
		{F914A6DE-8222-4C69-9F42-057DE02BCE65} = {9F76F0F2-B535-4495-AE12-1F36C2F3DC42}
		{54E65550-6E26-412A-B42A-C1C3B584479F} = {9F76F0F2-B535-4495-AE12-1F36C2F3DC42}
		{AF732B7A-9CBF-47F8-841D-0CF7FC2D51F5} = {9F76F0F2-B535-4495-AE12-1F36C2F3DC42}
		{0AB97158-EA61-42AD-B80E-9F96F74DB117} = {AD0F5E28-8524-44D8-96CD-A4E6AB2D7B14}
		{FB28469F-0C34-44E5-9259-B826D85926D1} = {0AB97158-EA61-42AD-B80E-9F96F74DB117}
		{DE504C5C-76C7-4530-AF35-1406C898F866} = {0AB97158-EA61-42AD-B80E-9F96F74DB117}
		{5DD70341-55F9-4578-8CBA-8BAC3A812AD3} = {0AB97158-EA61-42AD-B80E-9F96F74DB117}
		{035C6EB3-C7CE-460D-93D8-3D11D5331F2C} = {AD0F5E28-8524-44D8-96CD-A4E6AB2D7B14}
		{7A663ED1-D605-4276-94A4-03AD00E5DA2A} = {9F76F0F2-B535-4495-AE12-1F36C2F3DC42}
	EndGlobalSection
	GlobalSection(ProjectConfigurationPlatforms) = postSolution
		{CA27E36D-69A7-43B0-9D99-AE870539A320}.Debug|Any CPU.ActiveCfg = Debug|Any CPU
		{CA27E36D-69A7-43B0-9D99-AE870539A320}.Debug|Any CPU.Build.0 = Debug|Any CPU
		{CA27E36D-69A7-43B0-9D99-AE870539A320}.Release|Any CPU.ActiveCfg = Release|Any CPU
		{CA27E36D-69A7-43B0-9D99-AE870539A320}.Release|Any CPU.Build.0 = Release|Any CPU
		{FCBBE4B8-13CF-459F-BC81-4F7E500E5D74}.Debug|Any CPU.ActiveCfg = Debug|Any CPU
		{FCBBE4B8-13CF-459F-BC81-4F7E500E5D74}.Debug|Any CPU.Build.0 = Debug|Any CPU
		{FCBBE4B8-13CF-459F-BC81-4F7E500E5D74}.Release|Any CPU.ActiveCfg = Release|Any CPU
		{FCBBE4B8-13CF-459F-BC81-4F7E500E5D74}.Release|Any CPU.Build.0 = Release|Any CPU
		{E1FCDA1A-42BF-4A38-958E-D967A2741FD9}.Debug|Any CPU.ActiveCfg = Debug|Any CPU
		{E1FCDA1A-42BF-4A38-958E-D967A2741FD9}.Debug|Any CPU.Build.0 = Debug|Any CPU
		{E1FCDA1A-42BF-4A38-958E-D967A2741FD9}.Release|Any CPU.ActiveCfg = Release|Any CPU
		{E1FCDA1A-42BF-4A38-958E-D967A2741FD9}.Release|Any CPU.Build.0 = Release|Any CPU
		{F914A6DE-8222-4C69-9F42-057DE02BCE65}.Debug|Any CPU.ActiveCfg = Debug|Any CPU
		{F914A6DE-8222-4C69-9F42-057DE02BCE65}.Debug|Any CPU.Build.0 = Debug|Any CPU
		{F914A6DE-8222-4C69-9F42-057DE02BCE65}.Release|Any CPU.ActiveCfg = Release|Any CPU
		{F914A6DE-8222-4C69-9F42-057DE02BCE65}.Release|Any CPU.Build.0 = Release|Any CPU
		{54E65550-6E26-412A-B42A-C1C3B584479F}.Debug|Any CPU.ActiveCfg = Debug|Any CPU
		{54E65550-6E26-412A-B42A-C1C3B584479F}.Debug|Any CPU.Build.0 = Debug|Any CPU
		{54E65550-6E26-412A-B42A-C1C3B584479F}.Release|Any CPU.ActiveCfg = Release|Any CPU
		{54E65550-6E26-412A-B42A-C1C3B584479F}.Release|Any CPU.Build.0 = Release|Any CPU
		{AF732B7A-9CBF-47F8-841D-0CF7FC2D51F5}.Debug|Any CPU.ActiveCfg = Debug|Any CPU
		{AF732B7A-9CBF-47F8-841D-0CF7FC2D51F5}.Debug|Any CPU.Build.0 = Debug|Any CPU
		{AF732B7A-9CBF-47F8-841D-0CF7FC2D51F5}.Release|Any CPU.ActiveCfg = Release|Any CPU
		{AF732B7A-9CBF-47F8-841D-0CF7FC2D51F5}.Release|Any CPU.Build.0 = Release|Any CPU
		{FB28469F-0C34-44E5-9259-B826D85926D1}.Debug|Any CPU.ActiveCfg = Debug|Any CPU
		{FB28469F-0C34-44E5-9259-B826D85926D1}.Debug|Any CPU.Build.0 = Debug|Any CPU
		{FB28469F-0C34-44E5-9259-B826D85926D1}.Release|Any CPU.ActiveCfg = Release|Any CPU
		{FB28469F-0C34-44E5-9259-B826D85926D1}.Release|Any CPU.Build.0 = Release|Any CPU
		{DE504C5C-76C7-4530-AF35-1406C898F866}.Debug|Any CPU.ActiveCfg = Debug|Any CPU
		{DE504C5C-76C7-4530-AF35-1406C898F866}.Debug|Any CPU.Build.0 = Debug|Any CPU
		{DE504C5C-76C7-4530-AF35-1406C898F866}.Release|Any CPU.ActiveCfg = Release|Any CPU
		{DE504C5C-76C7-4530-AF35-1406C898F866}.Release|Any CPU.Build.0 = Release|Any CPU
		{5DD70341-55F9-4578-8CBA-8BAC3A812AD3}.Debug|Any CPU.ActiveCfg = Debug|Any CPU
		{5DD70341-55F9-4578-8CBA-8BAC3A812AD3}.Debug|Any CPU.Build.0 = Debug|Any CPU
		{5DD70341-55F9-4578-8CBA-8BAC3A812AD3}.Release|Any CPU.ActiveCfg = Release|Any CPU
		{5DD70341-55F9-4578-8CBA-8BAC3A812AD3}.Release|Any CPU.Build.0 = Release|Any CPU
		{035C6EB3-C7CE-460D-93D8-3D11D5331F2C}.Debug|Any CPU.ActiveCfg = Debug|Any CPU
		{035C6EB3-C7CE-460D-93D8-3D11D5331F2C}.Debug|Any CPU.Build.0 = Debug|Any CPU
		{035C6EB3-C7CE-460D-93D8-3D11D5331F2C}.Release|Any CPU.ActiveCfg = Release|Any CPU
		{035C6EB3-C7CE-460D-93D8-3D11D5331F2C}.Release|Any CPU.Build.0 = Release|Any CPU
		{7A663ED1-D605-4276-94A4-03AD00E5DA2A}.Debug|Any CPU.ActiveCfg = Debug|Any CPU
		{7A663ED1-D605-4276-94A4-03AD00E5DA2A}.Debug|Any CPU.Build.0 = Debug|Any CPU
		{7A663ED1-D605-4276-94A4-03AD00E5DA2A}.Release|Any CPU.ActiveCfg = Release|Any CPU
		{7A663ED1-D605-4276-94A4-03AD00E5DA2A}.Release|Any CPU.Build.0 = Release|Any CPU
	EndGlobalSection
EndGlobal
